
Microsoft Visual Studio Solution File, Format Version 12.00
Project("{FAE04EC0-301F-11D3-BF4B-00C04F79EFBC}") = "GermanUniversityAgent", "GermanUniversityAgent.csproj", "{57FBC2C3-3114-472C-AB36-896CD811B9B3}"
EndProject
Global
	GlobalSection(SolutionConfigurationPlatforms) = preSolution
		Debug|Any CPU = Debug|Any CPU
		Release|Any CPU = Release|Any CPU
	EndGlobalSection
	GlobalSection(ProjectConfigurationPlatforms) = postSolution
		{57FBC2C3-3114-472C-AB36-896CD811B9B3}.Debug|Any CPU.ActiveCfg = Debug|Any CPU
		{57FBC2C3-3114-472C-AB36-896CD811B9B3}.Debug|Any CPU.Build.0 = Debug|Any CPU
		{57FBC2C3-3114-472C-AB36-896CD811B9B3}.Release|Any CPU.ActiveCfg = Release|Any CPU
		{57FBC2C3-3114-472C-AB36-896CD811B9B3}.Release|Any CPU.Build.0 = Release|Any CPU
	EndGlobalSection
EndGlobal
